
Microsoft Visual Studio Solution File, Format Version 12.00
# Visual Studio 15
VisualStudioVersion = 15.0.27428.2005
MinimumVisualStudioVersion = 10.0.40219.1
Project("{FAE04EC0-301F-11D3-BF4B-00C04F79EFBC}") = "Pareto", "Pareto\Pareto.csproj", "{21DF6C9B-2693-4B8F-993D-929E20DA4857}"
EndProject
Global
	GlobalSection(SolutionConfigurationPlatforms) = preSolution
		Debug|Any CPU = Debug|Any CPU
		Release|Any CPU = Release|Any CPU
	EndGlobalSection
	GlobalSection(ProjectConfigurationPlatforms) = postSolution
		{21DF6C9B-2693-4B8F-993D-929E20DA4857}.Debug|Any CPU.ActiveCfg = Debug|Any CPU
		{21DF6C9B-2693-4B8F-993D-929E20DA4857}.Debug|Any CPU.Build.0 = Debug|Any CPU
		{21DF6C9B-2693-4B8F-993D-929E20DA4857}.Release|Any CPU.ActiveCfg = Release|Any CPU
		{21DF6C9B-2693-4B8F-993D-929E20DA4857}.Release|Any CPU.Build.0 = Release|Any CPU
	EndGlobalSection
	GlobalSection(SolutionProperties) = preSolution
		HideSolutionNode = FALSE
	EndGlobalSection
	GlobalSection(ExtensibilityGlobals) = postSolution
		SolutionGuid = {B4E3EAE7-D6BA-484C-840B-6465D4CD5C2D}
	EndGlobalSection
EndGlobal
